
Microsoft Visual Studio Solution File, Format Version 12.00
# Visual Studio Version 16
VisualStudioVersion = 16.0.30503.244
MinimumVisualStudioVersion = 10.0.40219.1
Project("{FAE04EC0-301F-11D3-BF4B-00C04F79EFBC}") = "ConsoleUI", "ConsoleUI\ConsoleUI.csproj", "{A2779688-5825-4F43-92AF-4A9D47AB612E}"
EndProject
Project("{FAE04EC0-301F-11D3-BF4B-00C04F79EFBC}") = "CoreLibrary", "..\CoreLibrary\CoreLibrary.csproj", "{06A9CDE6-98CA-41B1-A2CE-31858E265A19}"
EndProject
Global
	GlobalSection(SolutionConfigurationPlatforms) = preSolution
		Debug|Any CPU = Debug|Any CPU
		Release|Any CPU = Release|Any CPU
	EndGlobalSection
	GlobalSection(ProjectConfigurationPlatforms) = postSolution
		{A2779688-5825-4F43-92AF-4A9D47AB612E}.Debug|Any CPU.ActiveCfg = Debug|Any CPU
		{A2779688-5825-4F43-92AF-4A9D47AB612E}.Debug|Any CPU.Build.0 = Debug|Any CPU
		{A2779688-5825-4F43-92AF-4A9D47AB612E}.Release|Any CPU.ActiveCfg = Release|Any CPU
		{A2779688-5825-4F43-92AF-4A9D47AB612E}.Release|Any CPU.Build.0 = Release|Any CPU
		{06A9CDE6-98CA-41B1-A2CE-31858E265A19}.Debug|Any CPU.ActiveCfg = Debug|Any CPU
		{06A9CDE6-98CA-41B1-A2CE-31858E265A19}.Debug|Any CPU.Build.0 = Debug|Any CPU
		{06A9CDE6-98CA-41B1-A2CE-31858E265A19}.Release|Any CPU.ActiveCfg = Release|Any CPU
		{06A9CDE6-98CA-41B1-A2CE-31858E265A19}.Release|Any CPU.Build.0 = Release|Any CPU
	EndGlobalSection
	GlobalSection(SolutionProperties) = preSolution
		HideSolutionNode = FALSE
	EndGlobalSection
	GlobalSection(ExtensibilityGlobals) = postSolution
		SolutionGuid = {74C51090-C383-4811-8A1D-E79734A4FA38}
	EndGlobalSection
EndGlobal
